{
  "name": "27-npx-npm-scripts",
  "version": "1.0.0",
  "lockfileVersion": 3,
  "requires": true,
  "packages": {
    "": {
      "name": "27-npx-npm-scripts",
      "version": "1.0.0",
      "license": "ISC",
      "dependencies": {
        "dayjs": "^1.11.11",
        "hello-world-npm": "^1.1.1"
      }
    },
    "node_modules/dayjs": {
      "version": "1.11.11",
      "resolved": "https://registry.npmjs.org/dayjs/-/dayjs-1.11.11.tgz",
      "integrity": "sha512-okzr3f11N6WuqYtZSvm+F776mB41wRZMhKP+hc34YdW+KmtYYK9iqvHSwo2k9FEH3fhGXvOPV6yz2IcSrfRUDg==",
      "license": "MIT"
    },
    "node_modules/hello-world-npm": {
      "version": "1.1.1",
      "resolved": "https://registry.npmjs.org/hello-world-npm/-/hello-world-npm-1.1.1.tgz",
      "integrity": "sha512-BlANCUuBixe7YT2IzCtNsSmVn6TY//X+bEUJWJpX+v8H4waUVaJ9qJiHhnu+YHqk2jrFsqQ4DioU2wD8+sNPLw==",
      "license": "MIT",
      "bin": {
        "hello-world-npm": "bin.js"
      }
    }
  }
}
